// !$*UTF8*$!
{
	archiveVersion = 1;
	classes = {
	};
	objectVersion = 50;
	objects = {

/* Begin PBXBuildFile section */
		BFAB559A213FC08E00B6FAA5 /* AppDelegate.m in Sources */ = {isa = PBXBuildFile; fileRef = BFAB5599213FC08E00B6FAA5 /* AppDelegate.m */; };
		BFAB559D213FC08E00B6FAA5 /* ViewController.m in Sources */ = {isa = PBXBuildFile; fileRef = BFAB559C213FC08E00B6FAA5 /* ViewController.m */; };
		BFAB55A0213FC08E00B6FAA5 /* Main.storyboard in Resources */ = {isa = PBXBuildFile; fileRef = BFAB559E213FC08E00B6FAA5 /* Main.storyboard */; };
		BFAB55A2213FC08E00B6FAA5 /* Assets.xcassets in Resources */ = {isa = PBXBuildFile; fileRef = BFAB55A1213FC08E00B6FAA5 /* Assets.xcassets */; };
		BFAB55A5213FC08F00B6FAA5 /* LaunchScreen.storyboard in Resources */ = {isa = PBXBuildFile; fileRef = BFAB55A3213FC08F00B6FAA5 /* LaunchScreen.storyboard */; };
		BFAB55A8213FC08F00B6FAA5 /* main.m in Sources */ = {isa = PBXBuildFile; fileRef = BFAB55A7213FC08F00B6FAA5 /* main.m */; };
		BFAB55B2213FC08F00B6FAA5 /* _03_DestinationTests.m in Sources */ = {isa = PBXBuildFile; fileRef = BFAB55B1213FC08F00B6FAA5 /* _03_DestinationTests.m */; };
/* End PBXBuildFile section */

/* Begin PBXContainerItemProxy section */
		BFAB55AE213FC08F00B6FAA5 /* PBXContainerItemProxy */ = {
			isa = PBXContainerItemProxy;
			containerPortal = BFAB558D213FC08E00B6FAA5 /* Project object */;
			proxyType = 1;
			remoteGlobalIDString = BFAB5594213FC08E00B6FAA5;
			remoteInfo = "203-Destination";
		};
/* End PBXContainerItemProxy section */

/* Begin PBXFileReference section */
		BFAB5595213FC08E00B6FAA5 /* 203-Destination.app */ = {isa = PBXFileReference; explicitFileType = wrapper.application; includeInIndex = 0; path = "203-Destination.app"; sourceTree = BUILT_PRODUCTS_DIR; };
		BFAB5598213FC08E00B6FAA5 /* AppDelegate.h */ = {isa = PBXFileReference; lastKnownFileType = sourcecode.c.h; path = AppDelegate.h; sourceTree = "<group>"; };
		BFAB5599213FC08E00B6FAA5 /* AppDelegate.m */ = {isa = PBXFileReference; lastKnownFileType = sourcecode.c.objc; path = AppDelegate.m; sourceTree = "<group>"; };
		BFAB559B213FC08E00B6FAA5 /* ViewController.h */ = {isa = PBXFileReference; lastKnownFileType = sourcecode.c.h; path = ViewController.h; sourceTree = "<group>"; };
		BFAB559C213FC08E00B6FAA5 /* ViewController.m */ = {isa = PBXFileReference; lastKnownFileType = sourcecode.c.objc; path = ViewController.m; sourceTree = "<group>"; };
		BFAB559F213FC08E00B6FAA5 /* Base */ = {isa = PBXFileReference; lastKnownFileType = file.storyboard; name = Base; path = Base.lproj/Main.storyboard; sourceTree = "<group>"; };
		BFAB55A1213FC08E00B6FAA5 /* Assets.xcassets */ = {isa = PBXFileReference; lastKnownFileType = folder.assetcatalog; path = Assets.xcassets; sourceTree = "<group>"; };
		BFAB55A4213FC08F00B6FAA5 /* Base */ = {isa = PBXFileReference; lastKnownFileType = file.storyboard; name = Base; path = Base.lproj/LaunchScreen.storyboard; sourceTree = "<group>"; };
		BFAB55A6213FC08F00B6FAA5 /* Info.plist */ = {isa = PBXFileReference; lastKnownFileType = text.plist.xml; path = Info.plist; sourceTree = "<group>"; };
		BFAB55A7213FC08F00B6FAA5 /* main.m */ = {isa = PBXFileReference; lastKnownFileType = sourcecode.c.objc; path = main.m; sourceTree = "<group>"; };
		BFAB55AD213FC08F00B6FAA5 /* 203-DestinationTests.xctest */ = {isa = PBXFileReference; explicitFileType = wrapper.cfbundle; includeInIndex = 0; path = "203-DestinationTests.xctest"; sourceTree = BUILT_PRODUCTS_DIR; };
		BFAB55B1213FC08F00B6FAA5 /* _03_DestinationTests.m */ = {isa = PBXFileReference; lastKnownFileType = sourcecode.c.objc; path = _03_DestinationTests.m; sourceTree = "<group>"; };
		BFAB55B3213FC08F00B6FAA5 /* Info.plist */ = {isa = PBXFileReference; lastKnownFileType = text.plist.xml; path = Info.plist; sourceTree = "<group>"; };
/* End PBXFileReference section */

/* Begin PBXFrameworksBuildPhase section */
		BFAB5592213FC08E00B6FAA5 /* Frameworks */ = {
			isa = PBXFrameworksBuildPhase;
			buildActionMask = 2147483647;
			files = (
			);
			runOnlyForDeploymentPostprocessing = 0;
		};
		BFAB55AA213FC08F00B6FAA5 /* Frameworks */ = {
			isa = PBXFrameworksBuildPhase;
			buildActionMask = 2147483647;
			files = (
			);
			runOnlyForDeploymentPostprocessing = 0;
		};
/* End PBXFrameworksBuildPhase section */

/* Begin PBXGroup section */
		BFAB558C213FC08E00B6FAA5 = {
			isa = PBXGroup;
			children = (
				BFAB5597213FC08E00B6FAA5 /* 203-Destination */,
				BFAB55B0213FC08F00B6FAA5 /* 203-DestinationTests */,
				BFAB5596213FC08E00B6FAA5 /* Products */,
			);
			sourceTree = "<group>";
		};
		BFAB5596213FC08E00B6FAA5 /* Products */ = {
			isa = PBXGroup;
			children = (
				BFAB5595213FC08E00B6FAA5 /* 203-Destination.app */,
				BFAB55AD213FC08F00B6FAA5 /* 203-DestinationTests.xctest */,
			);
			name = Products;
			sourceTree = "<group>";
		};
		BFAB5597213FC08E00B6FAA5 /* 203-Destination */ = {
			isa = PBXGroup;
			children = (
				BFAB5598213FC08E00B6FAA5 /* AppDelegate.h */,
				BFAB5599213FC08E00B6FAA5 /* AppDelegate.m */,
				BFAB559B213FC08E00B6FAA5 /* ViewController.h */,
				BFAB559C213FC08E00B6FAA5 /* ViewController.m */,
				BFAB559E213FC08E00B6FAA5 /* Main.storyboard */,
				BFAB55A1213FC08E00B6FAA5 /* Assets.xcassets */,
				BFAB55A3213FC08F00B6FAA5 /* LaunchScreen.storyboard */,
				BFAB55A6213FC08F00B6FAA5 /* Info.plist */,
				BFAB55A7213FC08F00B6FAA5 /* main.m */,
			);
			path = "203-Destination";
			sourceTree = "<group>";
		};
		BFAB55B0213FC08F00B6FAA5 /* 203-DestinationTests */ = {
			isa = PBXGroup;
			children = (
				BFAB55B1213FC08F00B6FAA5 /* _03_DestinationTests.m */,
				BFAB55B3213FC08F00B6FAA5 /* Info.plist */,
			);
			path = "203-DestinationTests";
			sourceTree = "<group>";
		};
/* End PBXGroup section */

/* Begin PBXNativeTarget section */
		BFAB5594213FC08E00B6FAA5 /* 203-Destination */ = {
			isa = PBXNativeTarget;
			buildConfigurationList = BFAB55B6213FC08F00B6FAA5 /* Build configuration list for PBXNativeTarget "203-Destination" */;
			buildPhases = (
				BFAB5591213FC08E00B6FAA5 /* Sources */,
				BFAB5592213FC08E00B6FAA5 /* Frameworks */,
				BFAB5593213FC08E00B6FAA5 /* Resources */,
			);
			buildRules = (
			);
			dependencies = (
			);
			name = "203-Destination";
			productName = "203-Destination";
			productReference = BFAB5595213FC08E00B6FAA5 /* 203-Destination.app */;
			productType = "com.apple.product-type.application";
		};
		BFAB55AC213FC08F00B6FAA5 /* 203-DestinationTests */ = {
			isa = PBXNativeTarget;
			buildConfigurationList = BFAB55B9213FC08F00B6FAA5 /* Build configuration list for PBXNativeTarget "203-DestinationTests" */;
			buildPhases = (
				BFAB55A9213FC08F00B6FAA5 /* Sources */,
				BFAB55AA213FC08F00B6FAA5 /* Frameworks */,
				BFAB55AB213FC08F00B6FAA5 /* Resources */,
			);
			buildRules = (
			);
			dependencies = (
				BFAB55AF213FC08F00B6FAA5 /* PBXTargetDependency */,
			);
			name = "203-DestinationTests";
			productName = "203-DestinationTests";
			productReference = BFAB55AD213FC08F00B6FAA5 /* 203-DestinationTests.xctest */;
			productType = "com.apple.product-type.bundle.unit-test";
		};
/* End PBXNativeTarget section */

/* Begin PBXProject section */
		BFAB558D213FC08E00B6FAA5 /* Project object */ = {
			isa = PBXProject;
			attributes = {
				LastUpgradeCheck = 0940;
				ORGANIZATIONNAME = SN;
				TargetAttributes = {
					BFAB5594213FC08E00B6FAA5 = {
						CreatedOnToolsVersion = 9.4.1;
					};
					BFAB55AC213FC08F00B6FAA5 = {
						CreatedOnToolsVersion = 9.4.1;
						TestTargetID = BFAB5594213FC08E00B6FAA5;
					};
				};
			};
			buildConfigurationList = BFAB5590213FC08E00B6FAA5 /* Build configuration list for PBXProject "203-Destination" */;
			compatibilityVersion = "Xcode 9.3";
			developmentRegion = en;
			hasScannedForEncodings = 0;
			knownRegions = (
				en,
				Base,
			);
			mainGroup = BFAB558C213FC08E00B6FAA5;
			productRefGroup = BFAB5596213FC08E00B6FAA5 /* Products */;
			projectDirPath = "";
			projectRoot = "";
			targets = (
				BFAB5594213FC08E00B6FAA5 /* 203-Destination */,
				BFAB55AC213FC08F00B6FAA5 /* 203-DestinationTests */,
			);
		};
/* End PBXProject section */

/* Begin PBXResourcesBuildPhase section */
		BFAB5593213FC08E00B6FAA5 /* Resources */ = {
			isa = PBXResourcesBuildPhase;
			buildActionMask = 2147483647;
			files = (
				BFAB55A5213FC08F00B6FAA5 /* LaunchScreen.storyboard in Resources */,
				BFAB55A2213FC08E00B6FAA5 /* Assets.xcassets in Resources */,
				BFAB55A0213FC08E00B6FAA5 /* Main.storyboard in Resources */,
			);
			runOnlyForDeploymentPostprocessing = 0;
		};
		BFAB55AB213FC08F00B6FAA5 /* Resources */ = {
			isa = PBXResourcesBuildPhase;
			buildActionMask = 2147483647;
			files = (
			);
			runOnlyForDeploymentPostprocessing = 0;
		};
/* End PBXResourcesBuildPhase section */

/* Begin PBXSourcesBuildPhase section */
		BFAB5591213FC08E00B6FAA5 /* Sources */ = {
			isa = PBXSourcesBuildPhase;
			buildActionMask = 2147483647;
			files = (
				BFAB559D213FC08E00B6FAA5 /* ViewController.m in Sources */,
				BFAB55A8213FC08F00B6FAA5 /* main.m in Sources */,
				BFAB559A213FC08E00B6FAA5 /* AppDelegate.m in Sources */,
			);
			runOnlyForDeploymentPostprocessing = 0;
		};
		BFAB55A9213FC08F00B6FAA5 /* Sources */ = {
			isa = PBXSourcesBuildPhase;
			buildActionMask = 2147483647;
			files = (
				BFAB55B2213FC08F00B6FAA5 /* _03_DestinationTests.m in Sources */,
			);
			runOnlyForDeploymentPostprocessing = 0;
		};
/* End PBXSourcesBuildPhase section */

/* Begin PBXTargetDependency section */
		BFAB55AF213FC08F00B6FAA5 /* PBXTargetDependency */ = {
			isa = PBXTargetDependency;
			target = BFAB5594213FC08E00B6FAA5 /* 203-Destination */;
			targetProxy = BFAB55AE213FC08F00B6FAA5 /* PBXContainerItemProxy */;
		};
/* End PBXTargetDependency section */

/* Begin PBXVariantGroup section */
		BFAB559E213FC08E00B6FAA5 /* Main.storyboard */ = {
			isa = PBXVariantGroup;
			children = (
				BFAB559F213FC08E00B6FAA5 /* Base */,
			);
			name = Main.storyboard;
			sourceTree = "<group>";
		};
		BFAB55A3213FC08F00B6FAA5 /* LaunchScreen.storyboard */ = {
			isa = PBXVariantGroup;
			children = (
				BFAB55A4213FC08F00B6FAA5 /* Base */,
			);
			name = LaunchScreen.storyboard;
			sourceTree = "<group>";
		};
/* End PBXVariantGroup section */

/* Begin XCBuildConfiguration section */
		BFAB55B4213FC08F00B6FAA5 /* Debug */ = {
			isa = XCBuildConfiguration;
			buildSettings = {
				ALWAYS_SEARCH_USER_PATHS = NO;
				CLANG_ANALYZER_NONNULL = YES;
				CLANG_ANALYZER_NUMBER_OBJECT_CONVERSION = YES_AGGRESSIVE;
				CLANG_CXX_LANGUAGE_STANDARD = "gnu++14";
				CLANG_CXX_LIBRARY = "libc++";
				CLANG_ENABLE_MODULES = YES;
				CLANG_ENABLE_OBJC_ARC = YES;
				CLANG_ENABLE_OBJC_WEAK = YES;
				CLANG_WARN_BLOCK_CAPTURE_AUTORELEASING = YES;
				CLANG_WARN_BOOL_CONVERSION = YES;
				CLANG_WARN_COMMA = YES;
				CLANG_WARN_CONSTANT_CONVERSION = YES;
				CLANG_WARN_DEPRECATED_OBJC_IMPLEMENTATIONS = YES;
				CLANG_WARN_DIRECT_OBJC_ISA_USAGE = YES_ERROR;
				CLANG_WARN_DOCUMENTATION_COMMENTS = YES;
				CLANG_WARN_EMPTY_BODY = YES;
				CLANG_WARN_ENUM_CONVERSION = YES;
				CLANG_WARN_INFINITE_RECURSION = YES;
				CLANG_WARN_INT_CONVERSION = YES;
				CLANG_WARN_NON_LITERAL_NULL_CONVERSION = YES;
				CLANG_WARN_OBJC_IMPLICIT_RETAIN_SELF = YES;
				CLANG_WARN_OBJC_LITERAL_CONVERSION = YES;
				CLANG_WARN_OBJC_ROOT_CLASS = YES_ERROR;
				CLANG_WARN_RANGE_LOOP_ANALYSIS = YES;
				CLANG_WARN_STRICT_PROTOTYPES = YES;
				CLANG_WARN_SUSPICIOUS_MOVE = YES;
				CLANG_WARN_UNGUARDED_AVAILABILITY = YES_AGGRESSIVE;
				CLANG_WARN_UNREACHABLE_CODE = YES;
				CLANG_WARN__DUPLICATE_METHOD_MATCH = YES;
				CODE_SIGN_IDENTITY = "iPhone Developer";
				COPY_PHASE_STRIP = NO;
				DEBUG_INFORMATION_FORMAT = dwarf;
				ENABLE_STRICT_OBJC_MSGSEND = YES;
				ENABLE_TESTABILITY = YES;
				GCC_C_LANGUAGE_STANDARD = gnu11;
				GCC_DYNAMIC_NO_PIC = NO;
				GCC_NO_COMMON_BLOCKS = YES;
				GCC_OPTIMIZATION_LEVEL = 0;
				GCC_PREPROCESSOR_DEFINITIONS = (
					"DEBUG=1",
					"$(inherited)",
				);
				GCC_WARN_64_TO_32_BIT_CONVERSION = YES;
				GCC_WARN_ABOUT_RETURN_TYPE = YES_ERROR;
				GCC_WARN_UNDECLARED_SELECTOR = YES;
				GCC_WARN_UNINITIALIZED_AUTOS = YES_AGGRESSIVE;
				GCC_WARN_UNUSED_FUNCTION = YES;
				GCC_WARN_UNUSED_VARIABLE = YES;
				IPHONEOS_DEPLOYMENT_TARGET = 11.4;
				MTL_ENABLE_DEBUG_INFO = YES;
				ONLY_ACTIVE_ARCH = YES;
				SDKROOT = iphoneos;
			};
			name = Debug;
		};
		BFAB55B5213FC08F00B6FAA5 /* Release */ = {
			isa = XCBuildConfiguration;
			buildSettings = {
				ALWAYS_SEARCH_USER_PATHS = NO;
				CLANG_ANALYZER_NONNULL = YES;
				CLANG_ANALYZER_NUMBER_OBJECT_CONVERSION = YES_AGGRESSIVE;
				CLANG_CXX_LANGUAGE_STANDARD = "gnu++14";
				CLANG_CXX_LIBRARY = "libc++";
				CLANG_ENABLE_MODULES = YES;
				CLANG_ENABLE_OBJC_ARC = YES;
				CLANG_ENABLE_OBJC_WEAK = YES;
				CLANG_WARN_BLOCK_CAPTURE_AUTORELEASING = YES;
				CLANG_WARN_BOOL_CONVERSION = YES;
				CLANG_WARN_COMMA = YES;
				CLANG_WARN_CONSTANT_CONVERSION = YES;
				CLANG_WARN_DEPRECATED_OBJC_IMPLEMENTATIONS = YES;
				CLANG_WARN_DIRECT_OBJC_ISA_USAGE = YES_ERROR;
				CLANG_WARN_DOCUMENTATION_COMMENTS = YES;
				CLANG_WARN_EMPTY_BODY = YES;
				CLANG_WARN_ENUM_CONVERSION = YES;
				CLANG_WARN_INFINITE_RECURSION = YES;
				CLANG_WARN_INT_CONVERSION = YES;
				CLANG_WARN_NON_LITERAL_NULL_CONVERSION = YES;
				CLANG_WARN_OBJC_IMPLICIT_RETAIN_SELF = YES;
				CLANG_WARN_OBJC_LITERAL_CONVERSION = YES;
				CLANG_WARN_OBJC_ROOT_CLASS = YES_ERROR;
				CLANG_WARN_RANGE_LOOP_ANALYSIS = YES;
				CLANG_WARN_STRICT_PROTOTYPES = YES;
				CLANG_WARN_SUSPICIOUS_MOVE = YES;
				CLANG_WARN_UNGUARDED_AVAILABILITY = YES_AGGRESSIVE;
				CLANG_WARN_UNREACHABLE_CODE = YES;
				CLANG_WARN__DUPLICATE_METHOD_MATCH = YES;
				CODE_SIGN_IDENTITY = "iPhone Developer";
				COPY_PHASE_STRIP = NO;
				DEBUG_INFORMATION_FORMAT = "dwarf-with-dsym";
				ENABLE_NS_ASSERTIONS = NO;
				ENABLE_STRICT_OBJC_MSGSEND = YES;
				GCC_C_LANGUAGE_STANDARD = gnu11;
				GCC_NO_COMMON_BLOCKS = YES;
				GCC_WARN_64_TO_32_BIT_CONVERSION = YES;
				GCC_WARN_ABOUT_RETURN_TYPE = YES_ERROR;
				GCC_WARN_UNDECLARED_SELECTOR = YES;
				GCC_WARN_UNINITIALIZED_AUTOS = YES_AGGRESSIVE;
				GCC_WARN_UNUSED_FUNCTION = YES;
				GCC_WARN_UNUSED_VARIABLE = YES;
				IPHONEOS_DEPLOYMENT_TARGET = 11.4;
				MTL_ENABLE_DEBUG_INFO = NO;
				SDKROOT = iphoneos;
				VALIDATE_PRODUCT = YES;
			};
			name = Release;
		};
		BFAB55B7213FC08F00B6FAA5 /* Debug */ = {
			isa = XCBuildConfiguration;
			buildSettings = {
				ASSETCATALOG_COMPILER_APPICON_NAME = AppIcon;
				CODE_SIGN_STYLE = Automatic;
				INFOPLIST_FILE = "203-Destination/Info.plist";
				LD_RUNPATH_SEARCH_PATHS = (
					"$(inherited)",
					"@executable_path/Frameworks",
				);
				PRODUCT_BUNDLE_IDENTIFIER = "Freedom.-03-Destination";
				PRODUCT_NAME = "$(TARGET_NAME)";
				TARGETED_DEVICE_FAMILY = 2;
			};
			name = Debug;
		};
		BFAB55B8213FC08F00B6FAA5 /* Release */ = {
			isa = XCBuildConfiguration;
			buildSettings = {
				ASSETCATALOG_COMPILER_APPICON_NAME = AppIcon;
				CODE_SIGN_STYLE = Automatic;
				INFOPLIST_FILE = "203-Destination/Info.plist";
				LD_RUNPATH_SEARCH_PATHS = (
					"$(inherited)",
					"@executable_path/Frameworks",
				);
				PRODUCT_BUNDLE_IDENTIFIER = "Freedom.-03-Destination";
				PRODUCT_NAME = "$(TARGET_NAME)";
				TARGETED_DEVICE_FAMILY = 2;
			};
			name = Release;
		};
		BFAB55BA213FC08F00B6FAA5 /* Debug */ = {
			isa = XCBuildConfiguration;
			buildSettings = {
				BUNDLE_LOADER = "$(TEST_HOST)";
				CODE_SIGN_STYLE = Automatic;
				INFOPLIST_FILE = "203-DestinationTests/Info.plist";
				LD_RUNPATH_SEARCH_PATHS = (
					"$(inherited)",
					"@executable_path/Frameworks",
					"@loader_path/Frameworks",
				);
				PRODUCT_BUNDLE_IDENTIFIER = "Freedom.-03-DestinationTests";
				PRODUCT_NAME = "$(TARGET_NAME)";
				TARGETED_DEVICE_FAMILY = "1,2";
				TEST_HOST = "$(BUILT_PRODUCTS_DIR)/203-Destination.app/203-Destination";
			};
			name = Debug;
		};
		BFAB55BB213FC08F00B6FAA5 /* Release */ = {
			isa = XCBuildConfiguration;
			buildSettings = {
				BUNDLE_LOADER = "$(TEST_HOST)";
				CODE_SIGN_STYLE = Automatic;
				INFOPLIST_FILE = "203-DestinationTests/Info.plist";
				LD_RUNPATH_SEARCH_PATHS = (
					"$(inherited)",
					"@executable_path/Frameworks",
					"@loader_path/Frameworks",
				);
				PRODUCT_BUNDLE_IDENTIFIER = "Freedom.-03-DestinationTests";
				PRODUCT_NAME = "$(TARGET_NAME)";
				TARGETED_DEVICE_FAMILY = "1,2";
				TEST_HOST = "$(BUILT_PRODUCTS_DIR)/203-Destination.app/203-Destination";
			};
			name = Release;
		};
/* End XCBuildConfiguration section */

/* Begin XCConfigurationList section */
		BFAB5590213FC08E00B6FAA5 /* Build configuration list for PBXProject "203-Destination" */ = {
			isa = XCConfigurationList;
			buildConfigurations = (
				BFAB55B4213FC08F00B6FAA5 /* Debug */,
				BFAB55B5213FC08F00B6FAA5 /* Release */,
			);
			defaultConfigurationIsVisible = 0;
			defaultConfigurationName = Release;
		};
		BFAB55B6213FC08F00B6FAA5 /* Build configuration list for PBXNativeTarget "203-Destination" */ = {
			isa = XCConfigurationList;
			buildConfigurations = (
				BFAB55B7213FC08F00B6FAA5 /* Debug */,
				BFAB55B8213FC08F00B6FAA5 /* Release */,
			);
			defaultConfigurationIsVisible = 0;
			defaultConfigurationName = Release;
		};
		BFAB55B9213FC08F00B6FAA5 /* Build configuration list for PBXNativeTarget "203-DestinationTests" */ = {
			isa = XCConfigurationList;
			buildConfigurations = (
				BFAB55BA213FC08F00B6FAA5 /* Debug */,
				BFAB55BB213FC08F00B6FAA5 /* Release */,
			);
			defaultConfigurationIsVisible = 0;
			defaultConfigurationName = Release;
		};
/* End XCConfigurationList section */
	};
	rootObject = BFAB558D213FC08E00B6FAA5 /* Project object */;
}
